
Microsoft Visual Studio Solution File, Format Version 12.00
# Visual Studio 15
VisualStudioVersion = 15.0.28307.136
MinimumVisualStudioVersion = 10.0.40219.1
Project("{FAE04EC0-301F-11D3-BF4B-00C04F79EFBC}") = "IVMFel", "IVMFel\IVMFel.csproj", "{022C5C54-79F0-4018-BA91-B566DC65E62C}"
EndProject
Global
	GlobalSection(SolutionConfigurationPlatforms) = preSolution
		Debug|Any CPU = Debug|Any CPU
		Release|Any CPU = Release|Any CPU
	EndGlobalSection
	GlobalSection(ProjectConfigurationPlatforms) = postSolution
		{022C5C54-79F0-4018-BA91-B566DC65E62C}.Debug|Any CPU.ActiveCfg = Debug|Any CPU
		{022C5C54-79F0-4018-BA91-B566DC65E62C}.Debug|Any CPU.Build.0 = Debug|Any CPU
		{022C5C54-79F0-4018-BA91-B566DC65E62C}.Release|Any CPU.ActiveCfg = Release|Any CPU
		{022C5C54-79F0-4018-BA91-B566DC65E62C}.Release|Any CPU.Build.0 = Release|Any CPU
	EndGlobalSection
	GlobalSection(SolutionProperties) = preSolution
		HideSolutionNode = FALSE
	EndGlobalSection
	GlobalSection(ExtensibilityGlobals) = postSolution
		SolutionGuid = {E91A3FEA-24DB-4096-988F-5DB9E9B835DD}
	EndGlobalSection
EndGlobal
